{
  "meteor": {},
  "dependencies": {
    "basePackages": {
      "bootstrap3-less": {}
    },
    "packages": {
      "bootstrap3-less": {
        "git": "https://github.com/simison/bootstrap3-less",
        "tag": "v0.2.1",
        "commit": "dc94a51ed00d7de6d6f2b6d65107a876d849ad61"
      }
    }
  }
}
